{
    "version": 3,
    "terraform_version": "0.7.7",
    "serial": 64,
    "lineage": "62a149bc-e3fa-46f1-af93-ec104e17dff2",
    "modules": [
        {
            "path": [
                "root"
            ],
            "outputs": {},
            "resources": {
                "aws_eip.main": {
                    "type": "aws_eip",
                    "depends_on": [
                        "aws_instance.main"
                    ],
                    "primary": {
                        "id": "eipalloc-973db7fe",
                        "attributes": {
                            "association_id": "eipassoc-2f5b0e47",
                            "domain": "vpc",
                            "id": "eipalloc-973db7fe",
                            "instance": "i-1af06fa7",
                            "network_interface": "eni-4bb50826",
                            "private_ip": "10.0.40.236",
                            "public_ip": "52.57.237.68",
                            "vpc": "true"
                        },
                        "meta": {},
                        "tainted": false
                    },
                    "deposed": [],
                    "provider": ""
                },
                "aws_instance.main": {
                    "type": "aws_instance",
                    "depends_on": [
                        "aws_key_pair.ci",
                        "module.aws_networking",
                        "module.aws_networking"
                    ],
                    "primary": {
                        "id": "i-1af06fa7",
                        "attributes": {
                            "ami": "ami-26c43149",
                            "availability_zone": "eu-central-1a",
                            "disable_api_termination": "false",
                            "ebs_block_device.#": "0",
                            "ebs_optimized": "false",
                            "ephemeral_block_device.#": "0",
                            "iam_instance_profile": "",
                            "id": "i-1af06fa7",
                            "instance_state": "running",
                            "instance_type": "t2.small",
                            "key_name": "campnou.ci",
                            "monitoring": "false",
                            "network_interface_id": "eni-4bb50826",
                            "private_dns": "ip-10-0-40-236.eu-central-1.compute.internal",
                            "private_ip": "10.0.40.236",
                            "public_dns": "",
                            "public_ip": "",
                            "root_block_device.#": "1",
                            "root_block_device.0.delete_on_termination": "true",
                            "root_block_device.0.iops": "100",
                            "root_block_device.0.volume_size": "8",
                            "root_block_device.0.volume_type": "gp2",
                            "security_groups.#": "0",
                            "source_dest_check": "true",
                            "subnet_id": "subnet-e7c66d8f",
                            "tags.%": "4",
                            "tags.AnsibleIsCI": "Yes",
                            "tags.Env": "ci",
                            "tags.Name": "campnou.ci.main",
                            "tags.Namespace": "campnou",
                            "tenancy": "default",
                            "vpc_security_group_ids.#": "1",
                            "vpc_security_group_ids.2367977754": "sg-4b5c1f23"
                        },
                        "meta": {
                            "schema_version": "1"
                        },
                        "tainted": false
                    },
                    "deposed": [],
                    "provider": ""
                },
                "aws_key_pair.ci": {
                    "type": "aws_key_pair",
                    "depends_on": [],
                    "primary": {
                        "id": "campnou.ci",
                        "attributes": {
                            "id": "campnou.ci",
                            "key_name": "campnou.ci",
                            "public_key": "ssh-rsa AAAAB3NzaC1yc2EAAAADAQABAAABAQCl0SuaGR0H4yILPp418BQwRnrAVVipzVytBFJ7IbMw3WvUQkhlbKgVF1nBdhOWFmEV+wb8feQT6O3OwAVLpaNlj3FBEsGg/x/xjEhKS+hFV0uRLG9oipPuM9ctClJJAHcFarTBRQRevH6CmMyLjHmrvolJ0Mhiy4MBF8x+Bpfg08IpBPyomngiOp6Bf+yFPZfP0QJz87SzXPD4QVq+SuayYXzCN/Z/w4ySFFDRphMQblUEiAzqVCKrYUnzLeeYV7IbyiIgftaL/LdtyTGbfBOF21U03952SLDwHjoUC8kXFm2xDzTdcanZ+WOgW1dbnN/7wKzShUoA6Pg9muVhFBbl ansible-generated on campnoumanager"
                        },
                        "meta": {
                            "schema_version": "1"
                        },
                        "tainted": false
                    },
                    "deposed": [],
                    "provider": ""
                },
                "aws_route53_record.gitlab": {
                    "type": "aws_route53_record",
                    "depends_on": [
                        "aws_eip.main",
                        "aws_route53_zone.public"
                    ],
                    "primary": {
                        "id": "Z3UU3AP8B8IAHP_gitlab.jakubigla.net_A",
                        "attributes": {
                            "fqdn": "gitlab.jakubigla.net",
                            "health_check_id": "",
                            "id": "Z3UU3AP8B8IAHP_gitlab.jakubigla.net_A",
                            "name": "gitlab.jakubigla.net",
                            "records.#": "1",
                            "records.4091755796": "52.57.237.68",
                            "set_identifier": "",
                            "ttl": "300",
                            "type": "A",
                            "zone_id": "Z3UU3AP8B8IAHP"
                        },
                        "meta": {
                            "schema_version": "2"
                        },
                        "tainted": false
                    },
                    "deposed": [],
                    "provider": ""
                },
                "aws_route53_record.registry": {
                    "type": "aws_route53_record",
                    "depends_on": [
                        "aws_eip.main",
                        "aws_route53_zone.public"
                    ],
                    "primary": {
                        "id": "Z3UU3AP8B8IAHP_registry.jakubigla.net_A",
                        "attributes": {
                            "fqdn": "registry.jakubigla.net",
                            "health_check_id": "",
                            "id": "Z3UU3AP8B8IAHP_registry.jakubigla.net_A",
                            "name": "registry.jakubigla.net",
                            "records.#": "1",
                            "records.4091755796": "52.57.237.68",
                            "set_identifier": "",
                            "ttl": "300",
                            "type": "A",
                            "zone_id": "Z3UU3AP8B8IAHP"
                        },
                        "meta": {
                            "schema_version": "2"
                        },
                        "tainted": false
                    },
                    "deposed": [],
                    "provider": ""
                },
                "aws_route53_zone.public": {
                    "type": "aws_route53_zone",
                    "depends_on": [],
                    "primary": {
                        "id": "Z3UU3AP8B8IAHP",
                        "attributes": {
                            "comment": "Managed by Terraform",
                            "force_destroy": "false",
                            "id": "Z3UU3AP8B8IAHP",
                            "name": "jakubigla.net.",
                            "name_servers.#": "4",
                            "name_servers.0": "ns-113.awsdns-14.com",
                            "name_servers.1": "ns-1340.awsdns-39.org",
                            "name_servers.2": "ns-1589.awsdns-06.co.uk",
                            "name_servers.3": "ns-723.awsdns-26.net",
                            "tags.%": "0",
                            "zone_id": "Z3UU3AP8B8IAHP"
                        },
                        "meta": {},
                        "tainted": false
                    },
                    "deposed": [],
                    "provider": ""
                },
                "null_resource.gitlab_provisioner": {
                    "type": "null_resource",
                    "depends_on": [
                        "aws_eip.main",
                        "aws_route53_record.gitlab",
                        "aws_route53_record.gitlab",
                        "aws_route53_record.gitlab",
                        "aws_route53_record.registry",
                        "aws_route53_record.registry",
                        "aws_route53_record.registry"
                    ],
                    "primary": {
                        "id": "3398131318958312462",
                        "attributes": {
                            "id": "3398131318958312462"
                        },
                        "meta": {},
                        "tainted": false
                    },
                    "deposed": [],
                    "provider": ""
                }
            },
            "depends_on": []
        },
        {
            "path": [
                "root",
                "aws_instances"
            ],
            "outputs": {},
            "resources": {},
            "depends_on": []
        },
        {
            "path": [
                "root",
                "aws_networking"
            ],
            "outputs": {
                "default_sg_id": {
                    "sensitive": false,
                    "type": "string",
                    "value": "sg-4b5c1f23"
                },
                "subnet_id": {
                    "sensitive": false,
                    "type": "string",
                    "value": "subnet-e7c66d8f"
                },
                "vpc_id": {
                    "sensitive": false,
                    "type": "string",
                    "value": "vpc-6054a008"
                }
            },
            "resources": {
                "aws_internet_gateway.default": {
                    "type": "aws_internet_gateway",
                    "depends_on": [
                        "aws_vpc.default"
                    ],
                    "primary": {
                        "id": "igw-745e191d",
                        "attributes": {
                            "id": "igw-745e191d",
                            "tags.%": "3",
                            "tags.Env": "ci",
                            "tags.Name": "campnou.ci.ig",
                            "tags.Namespace": "campnou",
                            "vpc_id": "vpc-6054a008"
                        },
                        "meta": {},
                        "tainted": false
                    },
                    "deposed": [],
                    "provider": ""
                },
                "aws_route_table.public": {
                    "type": "aws_route_table",
                    "depends_on": [
                        "aws_internet_gateway.default",
                        "aws_vpc.default"
                    ],
                    "primary": {
                        "id": "rtb-64b4630c",
                        "attributes": {
                            "id": "rtb-64b4630c",
                            "propagating_vgws.#": "0",
                            "route.#": "1",
                            "route.988470010.cidr_block": "0.0.0.0/0",
                            "route.988470010.gateway_id": "igw-745e191d",
                            "route.988470010.instance_id": "",
                            "route.988470010.nat_gateway_id": "",
                            "route.988470010.network_interface_id": "",
                            "route.988470010.vpc_peering_connection_id": "",
                            "tags.%": "3",
                            "tags.Env": "ci",
                            "tags.Name": "campnou.ci.rtb",
                            "tags.Namespace": "campnou",
                            "vpc_id": "vpc-6054a008"
                        },
                        "meta": {},
                        "tainted": false
                    },
                    "deposed": [],
                    "provider": ""
                },
                "aws_route_table_association.public01_a": {
                    "type": "aws_route_table_association",
                    "depends_on": [
                        "aws_route_table.public",
                        "aws_subnet.public01_a"
                    ],
                    "primary": {
                        "id": "rtbassoc-6b593503",
                        "attributes": {
                            "id": "rtbassoc-6b593503",
                            "route_table_id": "rtb-64b4630c",
                            "subnet_id": "subnet-e7c66d8f"
                        },
                        "meta": {},
                        "tainted": false
                    },
                    "deposed": [],
                    "provider": ""
                },
                "aws_security_group.default": {
                    "type": "aws_security_group",
                    "depends_on": [
                        "aws_vpc.default"
                    ],
                    "primary": {
                        "id": "sg-4b5c1f23",
                        "attributes": {
                            "description": "Default http ssh security group",
                            "egress.#": "1",
                            "egress.1403647648.cidr_blocks.#": "1",
                            "egress.1403647648.cidr_blocks.0": "0.0.0.0/0",
                            "egress.1403647648.from_port": "0",
                            "egress.1403647648.prefix_list_ids.#": "0",
                            "egress.1403647648.protocol": "tcp",
                            "egress.1403647648.security_groups.#": "0",
                            "egress.1403647648.self": "false",
                            "egress.1403647648.to_port": "65535",
                            "id": "sg-4b5c1f23",
                            "ingress.#": "3",
                            "ingress.2214680975.cidr_blocks.#": "1",
                            "ingress.2214680975.cidr_blocks.0": "0.0.0.0/0",
                            "ingress.2214680975.from_port": "80",
                            "ingress.2214680975.protocol": "tcp",
                            "ingress.2214680975.security_groups.#": "0",
                            "ingress.2214680975.self": "false",
                            "ingress.2214680975.to_port": "80",
                            "ingress.2541437006.cidr_blocks.#": "1",
                            "ingress.2541437006.cidr_blocks.0": "0.0.0.0/0",
                            "ingress.2541437006.from_port": "22",
                            "ingress.2541437006.protocol": "tcp",
                            "ingress.2541437006.security_groups.#": "0",
                            "ingress.2541437006.self": "false",
                            "ingress.2541437006.to_port": "22",
                            "ingress.2617001939.cidr_blocks.#": "1",
                            "ingress.2617001939.cidr_blocks.0": "0.0.0.0/0",
                            "ingress.2617001939.from_port": "443",
                            "ingress.2617001939.protocol": "tcp",
                            "ingress.2617001939.security_groups.#": "0",
                            "ingress.2617001939.self": "false",
                            "ingress.2617001939.to_port": "443",
                            "name": "campnou.ci.sg.default",
                            "owner_id": "334810780224",
                            "tags.%": "3",
                            "tags.Env": "ci",
                            "tags.Name": "campnou.ci.sg.default",
                            "tags.Namespace": "campnou",
                            "vpc_id": "vpc-6054a008"
                        },
                        "meta": {},
                        "tainted": false
                    },
                    "deposed": [],
                    "provider": ""
                },
                "aws_subnet.public01_a": {
                    "type": "aws_subnet",
                    "depends_on": [
                        "aws_vpc.default"
                    ],
                    "primary": {
                        "id": "subnet-e7c66d8f",
                        "attributes": {
                            "availability_zone": "eu-central-1a",
                            "cidr_block": "10.0.40.0/24",
                            "id": "subnet-e7c66d8f",
                            "map_public_ip_on_launch": "false",
                            "tags.%": "4",
                            "tags.Env": "ci",
                            "tags.Name": "campnou.ci.public01_a",
                            "tags.Namespace": "campnou",
                            "tags.Type": "Public",
                            "vpc_id": "vpc-6054a008"
                        },
                        "meta": {},
                        "tainted": false
                    },
                    "deposed": [],
                    "provider": ""
                },
                "aws_vpc.default": {
                    "type": "aws_vpc",
                    "depends_on": [],
                    "primary": {
                        "id": "vpc-6054a008",
                        "attributes": {
                            "cidr_block": "10.0.0.0/16",
                            "default_network_acl_id": "acl-5176bf39",
                            "default_route_table_id": "rtb-61b46309",
                            "default_security_group_id": "sg-765c1f1e",
                            "dhcp_options_id": "dopt-c55332ac",
                            "enable_dns_hostnames": "true",
                            "enable_dns_support": "true",
                            "id": "vpc-6054a008",
                            "instance_tenancy": "default",
                            "main_route_table_id": "rtb-61b46309",
                            "tags.%": "3",
                            "tags.Env": "ci",
                            "tags.Name": "campnou.ci.vpc",
                            "tags.Namespace": "campnou"
                        },
                        "meta": {},
                        "tainted": false
                    },
                    "deposed": [],
                    "provider": ""
                }
            },
            "depends_on": []
        },
        {
            "path": [
                "root",
                "aws_security_groups"
            ],
            "outputs": {},
            "resources": {},
            "depends_on": []
        },
        {
            "path": [
                "root",
                "swarm_cluster"
            ],
            "outputs": {},
            "resources": {},
            "depends_on": []
        },
        {
            "path": [
                "root",
                "vpc"
            ],
            "outputs": {},
            "resources": {},
            "depends_on": []
        }
    ]
}
